hash: 435a2ac30049de1daf2e226f607b2b51ab47b05164cf1adf8c97177d956e3d0c
updated: 2016-12-21T21:07:54.220964488-08:00
imports:
- name: github.com/satori/go.uuid
  version: 879c5887cd475cd7864858769793b2ceb0d44feb
- name: golang.org/x/net
  version: 55a3084c9119aeb9ba2437d595b0a7e9cb635da9
  subpackages:
  - websocket
testImports:
- name: github.com/DATA-DOG/godog
  version: 2e189ad0f9dee046e42bb5f04a7ec5e91ec0700e
  subpackages:
  - colors
  - gherkin
- name: github.com/fatih/color
  version: bf82308e8c8546dc2b945157173eb8a959ae9505
- name: github.com/mattn/go-colorable
  version: d228849504861217f796da67fae4f6e347643f15
- name: github.com/mattn/go-isatty
  version: 30a891c33c7cde7b02a981314b4228ec99380cca
- name: github.com/Originate/exocom
  version: c1aeb8b0a721aceb68925eb1299be16407b3bb03
  subpackages:
  - exocom-mock-go
- name: golang.org/x/sys
  version: 30237cf4eefd639b184d1f2cb77a581ea0be8947
  subpackages:
  - unix
- name: gopkg.in/tylerb/graceful.v1
  version: 50a48b6e73fcc75b45e22c05b79629a67c79e938
